
Microsoft Visual Studio Solution File, Format Version 12.00
# Visual Studio Version 16
VisualStudioVersion = 16.0.34301.259
MinimumVisualStudioVersion = 10.0.40219.1
Project("{FAE04EC0-301F-11D3-BF4B-00C04F79EFBC}") = "Projectv2", "Projectv2\Projectv2.csproj", "{F1510B87-9B7D-4DFA-8AE2-F09CA0928178}"
EndProject
Global
	GlobalSection(SolutionConfigurationPlatforms) = preSolution
		Debug|Any CPU = Debug|Any CPU
		Release|Any CPU = Release|Any CPU
	EndGlobalSection
	GlobalSection(ProjectConfigurationPlatforms) = postSolution
		{F1510B87-9B7D-4DFA-8AE2-F09CA0928178}.Debug|Any CPU.ActiveCfg = Debug|Any CPU
		{F1510B87-9B7D-4DFA-8AE2-F09CA0928178}.Debug|Any CPU.Build.0 = Debug|Any CPU
		{F1510B87-9B7D-4DFA-8AE2-F09CA0928178}.Release|Any CPU.ActiveCfg = Release|Any CPU
		{F1510B87-9B7D-4DFA-8AE2-F09CA0928178}.Release|Any CPU.Build.0 = Release|Any CPU
	EndGlobalSection
	GlobalSection(SolutionProperties) = preSolution
		HideSolutionNode = FALSE
	EndGlobalSection
	GlobalSection(ExtensibilityGlobals) = postSolution
		SolutionGuid = {0FEEE630-AA6D-407F-8317-4F7834A18F67}
	EndGlobalSection
EndGlobal
